
Microsoft Visual Studio Solution File, Format Version 12.00
# Visual Studio Version 17
VisualStudioVersion = 17.7.34202.233
MinimumVisualStudioVersion = 10.0.40219.1
Project("{2150E333-8FDC-42A3-9474-1A3956D46DE8}") = "Libraries", "Libraries", "{7D6A6C8D-53AD-4603-BF06-51BB48F6F8B6}"
EndProject
Project("{9A19103F-16F7-4668-BE54-9A1E7A4F7556}") = "Dot.Modules", "Dot.Modules\Dot.Modules.csproj", "{09641D7D-5216-446D-BEA4-4D7771117FD0}"
EndProject
Project("{9A19103F-16F7-4668-BE54-9A1E7A4F7556}") = "AI.Gateway", "AI.Gateway\AI.Gateway.csproj", "{9147C80D-578E-47BC-9FEA-48B7A9704EB0}"
EndProject
Project("{9A19103F-16F7-4668-BE54-9A1E7A4F7556}") = "HttpUtilities", "HttpUtilities\HttpUtilities.csproj", "{2F329C4C-7009-46AE-8E9F-7CBC5BC2B650}"
EndProject
Project("{2150E333-8FDC-42A3-9474-1A3956D46DE8}") = "DomesticOptimizationTool", "DomesticOptimizationTool", "{DEADA5EA-C443-4619-A817-D956666F9484}"
EndProject
Project("{FAE04EC0-301F-11D3-BF4B-00C04F79EFBC}") = "Dot.Api", "Dot.Api\Dot.Api.csproj", "{CEF887F9-E59C-48EC-AA78-3DF98701264C}"
EndProject
Project("{FAE04EC0-301F-11D3-BF4B-00C04F79EFBC}") = "Dot.UI", "Dot.UI\Dot.UI\Dot.UI.csproj", "{A1D16231-2134-4B4E-AF40-0B92B0431689}"
EndProject
Project("{FAE04EC0-301F-11D3-BF4B-00C04F79EFBC}") = "Dot.UI.Client", "Dot.UI\Dot.UI.Client\Dot.UI.Client.csproj", "{121CEBA0-65EA-4F6F-913B-757676C11376}"
EndProject
Global
	GlobalSection(SolutionConfigurationPlatforms) = preSolution
		Debug|Any CPU = Debug|Any CPU
		Release|Any CPU = Release|Any CPU
	EndGlobalSection
	GlobalSection(ProjectConfigurationPlatforms) = postSolution
		{09641D7D-5216-446D-BEA4-4D7771117FD0}.Debug|Any CPU.ActiveCfg = Debug|Any CPU
		{09641D7D-5216-446D-BEA4-4D7771117FD0}.Debug|Any CPU.Build.0 = Debug|Any CPU
		{09641D7D-5216-446D-BEA4-4D7771117FD0}.Release|Any CPU.ActiveCfg = Release|Any CPU
		{09641D7D-5216-446D-BEA4-4D7771117FD0}.Release|Any CPU.Build.0 = Release|Any CPU
		{9147C80D-578E-47BC-9FEA-48B7A9704EB0}.Debug|Any CPU.ActiveCfg = Debug|Any CPU
		{9147C80D-578E-47BC-9FEA-48B7A9704EB0}.Debug|Any CPU.Build.0 = Debug|Any CPU
		{9147C80D-578E-47BC-9FEA-48B7A9704EB0}.Release|Any CPU.ActiveCfg = Release|Any CPU
		{9147C80D-578E-47BC-9FEA-48B7A9704EB0}.Release|Any CPU.Build.0 = Release|Any CPU
		{2F329C4C-7009-46AE-8E9F-7CBC5BC2B650}.Debug|Any CPU.ActiveCfg = Debug|Any CPU
		{2F329C4C-7009-46AE-8E9F-7CBC5BC2B650}.Debug|Any CPU.Build.0 = Debug|Any CPU
		{2F329C4C-7009-46AE-8E9F-7CBC5BC2B650}.Release|Any CPU.ActiveCfg = Release|Any CPU
		{2F329C4C-7009-46AE-8E9F-7CBC5BC2B650}.Release|Any CPU.Build.0 = Release|Any CPU
		{CEF887F9-E59C-48EC-AA78-3DF98701264C}.Debug|Any CPU.ActiveCfg = Debug|Any CPU
		{CEF887F9-E59C-48EC-AA78-3DF98701264C}.Debug|Any CPU.Build.0 = Debug|Any CPU
		{CEF887F9-E59C-48EC-AA78-3DF98701264C}.Release|Any CPU.ActiveCfg = Release|Any CPU
		{CEF887F9-E59C-48EC-AA78-3DF98701264C}.Release|Any CPU.Build.0 = Release|Any CPU
		{A1D16231-2134-4B4E-AF40-0B92B0431689}.Debug|Any CPU.ActiveCfg = Debug|Any CPU
		{A1D16231-2134-4B4E-AF40-0B92B0431689}.Debug|Any CPU.Build.0 = Debug|Any CPU
		{A1D16231-2134-4B4E-AF40-0B92B0431689}.Release|Any CPU.ActiveCfg = Release|Any CPU
		{A1D16231-2134-4B4E-AF40-0B92B0431689}.Release|Any CPU.Build.0 = Release|Any CPU
		{121CEBA0-65EA-4F6F-913B-757676C11376}.Debug|Any CPU.ActiveCfg = Debug|Any CPU
		{121CEBA0-65EA-4F6F-913B-757676C11376}.Debug|Any CPU.Build.0 = Debug|Any CPU
		{121CEBA0-65EA-4F6F-913B-757676C11376}.Release|Any CPU.ActiveCfg = Release|Any CPU
		{121CEBA0-65EA-4F6F-913B-757676C11376}.Release|Any CPU.Build.0 = Release|Any CPU
	EndGlobalSection
	GlobalSection(SolutionProperties) = preSolution
		HideSolutionNode = FALSE
	EndGlobalSection
	GlobalSection(NestedProjects) = preSolution
		{09641D7D-5216-446D-BEA4-4D7771117FD0} = {7D6A6C8D-53AD-4603-BF06-51BB48F6F8B6}
		{9147C80D-578E-47BC-9FEA-48B7A9704EB0} = {7D6A6C8D-53AD-4603-BF06-51BB48F6F8B6}
		{2F329C4C-7009-46AE-8E9F-7CBC5BC2B650} = {7D6A6C8D-53AD-4603-BF06-51BB48F6F8B6}
		{CEF887F9-E59C-48EC-AA78-3DF98701264C} = {DEADA5EA-C443-4619-A817-D956666F9484}
		{A1D16231-2134-4B4E-AF40-0B92B0431689} = {DEADA5EA-C443-4619-A817-D956666F9484}
		{121CEBA0-65EA-4F6F-913B-757676C11376} = {DEADA5EA-C443-4619-A817-D956666F9484}
	EndGlobalSection
	GlobalSection(ExtensibilityGlobals) = postSolution
		SolutionGuid = {CE857866-09F3-488B-9C05-5A72997A0153}
	EndGlobalSection
EndGlobal
