
Microsoft Visual Studio Solution File, Format Version 12.00
# Visual Studio Version 17
VisualStudioVersion = 17.7.34202.233
MinimumVisualStudioVersion = 10.0.40219.1
Project("{2150E333-8FDC-42A3-9474-1A3956D46DE8}") = "Libraries", "Libraries", "{7D6A6C8D-53AD-4603-BF06-51BB48F6F8B6}"
EndProject
Project("{9A19103F-16F7-4668-BE54-9A1E7A4F7556}") = "Dot.Modules", "Dot.Modules\Dot.Modules.csproj", "{09641D7D-5216-446D-BEA4-4D7771117FD0}"
EndProject
Project("{9A19103F-16F7-4668-BE54-9A1E7A4F7556}") = "AI.Gateway", "AI.Gateway\AI.Gateway.csproj", "{9147C80D-578E-47BC-9FEA-48B7A9704EB0}"
EndProject
Project("{9A19103F-16F7-4668-BE54-9A1E7A4F7556}") = "HttpUtilities", "HttpUtilities\HttpUtilities.csproj", "{2F329C4C-7009-46AE-8E9F-7CBC5BC2B650}"
EndProject
Project("{2150E333-8FDC-42A3-9474-1A3956D46DE8}") = "DomesticOptimizationTool", "DomesticOptimizationTool", "{DEADA5EA-C443-4619-A817-D956666F9484}"
EndProject
Project("{9A19103F-16F7-4668-BE54-9A1E7A4F7556}") = "Dot.Utilities", "Dot.Utilities\Dot.Utilities.csproj", "{36688521-CB52-4E69-AE17-E82C46023546}"
EndProject
Project("{9A19103F-16F7-4668-BE54-9A1E7A4F7556}") = "Dot.Models", "Dot.Models\Dot.Models.csproj", "{3ECFE17E-EF8F-4B48-BD70-AE83F97517C0}"
EndProject
Project("{9A19103F-16F7-4668-BE54-9A1E7A4F7556}") = "Dot.Client", "Dot.Client\Dot.Client.csproj", "{14C0CF05-24EB-4914-AAC5-6D9EA5B88735}"
EndProject
Project("{2150E333-8FDC-42A3-9474-1A3956D46DE8}") = "ModelFiles", "ModelFiles", "{7AF5C508-1B12-4B13-BA84-6BC4724AD2F9}"
	ProjectSection(SolutionItems) = preProject
		Modelfiles\phi4_dot = Modelfiles\phi4_dot
	EndProjectSection
EndProject
Project("{2150E333-8FDC-42A3-9474-1A3956D46DE8}") = "Tests", "Tests", "{8D4DC78F-600B-4C3D-8E65-8B1B713FE26E}"
EndProject
Project("{9A19103F-16F7-4668-BE54-9A1E7A4F7556}") = "Dot.DataAccess", "Dot.DataAccess\Dot.DataAccess.csproj", "{E7AD3947-CEA9-4478-BFDB-B2771461A4D5}"
EndProject
Project("{9A19103F-16F7-4668-BE54-9A1E7A4F7556}") = "Dot.UI.Models", "Dot.UI.Models\Dot.UI.Models.csproj", "{E3AAEDA3-9A33-45F2-80B6-B78A31AB5172}"
EndProject
Project("{9A19103F-16F7-4668-BE54-9A1E7A4F7556}") = "Dot.API.Gateway", "Dot.API.Gateway\Dot.API.Gateway.csproj", "{4B68DB2D-1EBE-4894-8390-186DB3260D9F}"
EndProject
Project("{9A19103F-16F7-4668-BE54-9A1E7A4F7556}") = "Dot.Services", "Dot.Services\Dot.Services.csproj", "{C9ECDF1E-E993-4F94-9F1F-CC7E728CBB27}"
EndProject
Project("{2150E333-8FDC-42A3-9474-1A3956D46DE8}") = "Scripts", "Scripts", "{47165696-16FD-4D3B-B7AF-219C7E0691CE}"
	ProjectSection(SolutionItems) = preProject
		docker-compose.yml = docker-compose.yml
		dot-start.sh = dot-start.sh
		mongo-setup.sh = mongo-setup.sh
		rabbitmq-setup.sh = rabbitmq-setup.sh
	EndProjectSection
EndProject
Project("{9A19103F-16F7-4668-BE54-9A1E7A4F7556}") = "Dot.ChatProcessor", "Dot.ChatProcessor\Dot.ChatProcessor.csproj", "{7A689A82-3E5D-4BD6-A938-0A95835B8058}"
EndProject
Project("{FAE04EC0-301F-11D3-BF4B-00C04F79EFBC}") = "Dot.Models.Tests", "Dot.Models.Tests\Dot.Models.Tests.csproj", "{E5690A8A-515C-407C-8362-DF9571972064}"
EndProject
Project("{FAE04EC0-301F-11D3-BF4B-00C04F79EFBC}") = "Dot.Services.Events", "Dot.Services.Events\Dot.Services.Events.csproj", "{869E8507-334B-42E4-A776-FC0FC0375470}"
EndProject
Project("{FAE04EC0-301F-11D3-BF4B-00C04F79EFBC}") = "Dot.Services.Ollama", "Dot.Services.Ollama\Dot.Services.Ollama.csproj", "{43210D4A-8B4F-46DB-8692-D57C74987FCF}"
EndProject
Project("{FAE04EC0-301F-11D3-BF4B-00C04F79EFBC}") = "Dot.Services.Tools", "Dot.Services.Tools\Dot.Services.Tools.csproj", "{0EBED510-ECC2-4CFC-8199-FC4D30E7FBBA}"
EndProject
Project("{FAE04EC0-301F-11D3-BF4B-00C04F79EFBC}") = "Dot.Services.Tools.Tests", "Dot.Services.Tools.Tests\Dot.Services.Tools.Tests.csproj", "{327DDBB1-0A6A-499A-AB1B-EA2670BD2A12}"
EndProject
Project("{888888A0-9F3D-457C-B088-3A5042F75D52}") = "dot_agent", "dot_agent\dot_agent.pyproj", "{9584F0F6-7398-4645-810D-A7936AA981EF}"
EndProject
Project("{FAE04EC0-301F-11D3-BF4B-00C04F79EFBC}") = "Dot.Models.Ollama", "Dot.Models.Ollama\Dot.Models.Ollama.csproj", "{192A1E92-F959-4B3B-B4B7-CAD037A42CE3}"
EndProject
Project("{FAE04EC0-301F-11D3-BF4B-00C04F79EFBC}") = "Dot.Services.Ollama.Tests", "Dot.Services.Ollama.Tests\Dot.Services.Ollama.Tests.csproj", "{85F2EF0A-74D3-4183-9334-2F39EDBFB2C6}"
EndProject
Project("{FAE04EC0-301F-11D3-BF4B-00C04F79EFBC}") = "Dot.Repositories", "Dot.Repositories\Dot.Repositories.csproj", "{A2EB103C-CD5F-410D-A3CA-783BEC63AD97}"
EndProject
Project("{FAE04EC0-301F-11D3-BF4B-00C04F79EFBC}") = "Dot.Api", "Dot.Api\Dot.Api.csproj", "{DCFAF737-A249-62BF-DA10-15F570F34E3B}"
EndProject
Project("{FAE04EC0-301F-11D3-BF4B-00C04F79EFBC}") = "Dot.Repositories.Tests", "Dot.Repositories.Tests\Dot.Repositories.Tests.csproj", "{A5261EB6-F8C0-4CB9-ABB8-F250ED8987E8}"
EndProject
Global
	GlobalSection(SolutionConfigurationPlatforms) = preSolution
		Debug|Any CPU = Debug|Any CPU
		Release|Any CPU = Release|Any CPU
	EndGlobalSection
	GlobalSection(ProjectConfigurationPlatforms) = postSolution
		{09641D7D-5216-446D-BEA4-4D7771117FD0}.Debug|Any CPU.ActiveCfg = Debug|Any CPU
		{09641D7D-5216-446D-BEA4-4D7771117FD0}.Debug|Any CPU.Build.0 = Debug|Any CPU
		{09641D7D-5216-446D-BEA4-4D7771117FD0}.Release|Any CPU.ActiveCfg = Release|Any CPU
		{09641D7D-5216-446D-BEA4-4D7771117FD0}.Release|Any CPU.Build.0 = Release|Any CPU
		{9147C80D-578E-47BC-9FEA-48B7A9704EB0}.Debug|Any CPU.ActiveCfg = Debug|Any CPU
		{9147C80D-578E-47BC-9FEA-48B7A9704EB0}.Debug|Any CPU.Build.0 = Debug|Any CPU
		{9147C80D-578E-47BC-9FEA-48B7A9704EB0}.Release|Any CPU.ActiveCfg = Release|Any CPU
		{9147C80D-578E-47BC-9FEA-48B7A9704EB0}.Release|Any CPU.Build.0 = Release|Any CPU
		{2F329C4C-7009-46AE-8E9F-7CBC5BC2B650}.Debug|Any CPU.ActiveCfg = Debug|Any CPU
		{2F329C4C-7009-46AE-8E9F-7CBC5BC2B650}.Debug|Any CPU.Build.0 = Debug|Any CPU
		{2F329C4C-7009-46AE-8E9F-7CBC5BC2B650}.Release|Any CPU.ActiveCfg = Release|Any CPU
		{2F329C4C-7009-46AE-8E9F-7CBC5BC2B650}.Release|Any CPU.Build.0 = Release|Any CPU
		{36688521-CB52-4E69-AE17-E82C46023546}.Debug|Any CPU.ActiveCfg = Debug|Any CPU
		{36688521-CB52-4E69-AE17-E82C46023546}.Debug|Any CPU.Build.0 = Debug|Any CPU
		{36688521-CB52-4E69-AE17-E82C46023546}.Release|Any CPU.ActiveCfg = Release|Any CPU
		{36688521-CB52-4E69-AE17-E82C46023546}.Release|Any CPU.Build.0 = Release|Any CPU
		{3ECFE17E-EF8F-4B48-BD70-AE83F97517C0}.Debug|Any CPU.ActiveCfg = Debug|Any CPU
		{3ECFE17E-EF8F-4B48-BD70-AE83F97517C0}.Debug|Any CPU.Build.0 = Debug|Any CPU
		{3ECFE17E-EF8F-4B48-BD70-AE83F97517C0}.Release|Any CPU.ActiveCfg = Release|Any CPU
		{3ECFE17E-EF8F-4B48-BD70-AE83F97517C0}.Release|Any CPU.Build.0 = Release|Any CPU
		{14C0CF05-24EB-4914-AAC5-6D9EA5B88735}.Debug|Any CPU.ActiveCfg = Debug|Any CPU
		{14C0CF05-24EB-4914-AAC5-6D9EA5B88735}.Debug|Any CPU.Build.0 = Debug|Any CPU
		{14C0CF05-24EB-4914-AAC5-6D9EA5B88735}.Release|Any CPU.ActiveCfg = Release|Any CPU
		{14C0CF05-24EB-4914-AAC5-6D9EA5B88735}.Release|Any CPU.Build.0 = Release|Any CPU
		{E7AD3947-CEA9-4478-BFDB-B2771461A4D5}.Debug|Any CPU.ActiveCfg = Debug|Any CPU
		{E7AD3947-CEA9-4478-BFDB-B2771461A4D5}.Debug|Any CPU.Build.0 = Debug|Any CPU
		{E7AD3947-CEA9-4478-BFDB-B2771461A4D5}.Release|Any CPU.ActiveCfg = Release|Any CPU
		{E7AD3947-CEA9-4478-BFDB-B2771461A4D5}.Release|Any CPU.Build.0 = Release|Any CPU
		{E3AAEDA3-9A33-45F2-80B6-B78A31AB5172}.Debug|Any CPU.ActiveCfg = Debug|Any CPU
		{E3AAEDA3-9A33-45F2-80B6-B78A31AB5172}.Debug|Any CPU.Build.0 = Debug|Any CPU
		{E3AAEDA3-9A33-45F2-80B6-B78A31AB5172}.Release|Any CPU.ActiveCfg = Release|Any CPU
		{E3AAEDA3-9A33-45F2-80B6-B78A31AB5172}.Release|Any CPU.Build.0 = Release|Any CPU
		{4B68DB2D-1EBE-4894-8390-186DB3260D9F}.Debug|Any CPU.ActiveCfg = Debug|Any CPU
		{4B68DB2D-1EBE-4894-8390-186DB3260D9F}.Debug|Any CPU.Build.0 = Debug|Any CPU
		{4B68DB2D-1EBE-4894-8390-186DB3260D9F}.Release|Any CPU.ActiveCfg = Release|Any CPU
		{4B68DB2D-1EBE-4894-8390-186DB3260D9F}.Release|Any CPU.Build.0 = Release|Any CPU
		{C9ECDF1E-E993-4F94-9F1F-CC7E728CBB27}.Debug|Any CPU.ActiveCfg = Debug|Any CPU
		{C9ECDF1E-E993-4F94-9F1F-CC7E728CBB27}.Debug|Any CPU.Build.0 = Debug|Any CPU
		{C9ECDF1E-E993-4F94-9F1F-CC7E728CBB27}.Release|Any CPU.ActiveCfg = Release|Any CPU
		{C9ECDF1E-E993-4F94-9F1F-CC7E728CBB27}.Release|Any CPU.Build.0 = Release|Any CPU
		{7A689A82-3E5D-4BD6-A938-0A95835B8058}.Debug|Any CPU.ActiveCfg = Debug|Any CPU
		{7A689A82-3E5D-4BD6-A938-0A95835B8058}.Debug|Any CPU.Build.0 = Debug|Any CPU
		{7A689A82-3E5D-4BD6-A938-0A95835B8058}.Release|Any CPU.ActiveCfg = Release|Any CPU
		{7A689A82-3E5D-4BD6-A938-0A95835B8058}.Release|Any CPU.Build.0 = Release|Any CPU
		{E5690A8A-515C-407C-8362-DF9571972064}.Debug|Any CPU.ActiveCfg = Debug|Any CPU
		{E5690A8A-515C-407C-8362-DF9571972064}.Debug|Any CPU.Build.0 = Debug|Any CPU
		{E5690A8A-515C-407C-8362-DF9571972064}.Release|Any CPU.ActiveCfg = Release|Any CPU
		{E5690A8A-515C-407C-8362-DF9571972064}.Release|Any CPU.Build.0 = Release|Any CPU
		{869E8507-334B-42E4-A776-FC0FC0375470}.Debug|Any CPU.ActiveCfg = Debug|Any CPU
		{869E8507-334B-42E4-A776-FC0FC0375470}.Debug|Any CPU.Build.0 = Debug|Any CPU
		{869E8507-334B-42E4-A776-FC0FC0375470}.Release|Any CPU.ActiveCfg = Release|Any CPU
		{869E8507-334B-42E4-A776-FC0FC0375470}.Release|Any CPU.Build.0 = Release|Any CPU
		{43210D4A-8B4F-46DB-8692-D57C74987FCF}.Debug|Any CPU.ActiveCfg = Debug|Any CPU
		{43210D4A-8B4F-46DB-8692-D57C74987FCF}.Debug|Any CPU.Build.0 = Debug|Any CPU
		{43210D4A-8B4F-46DB-8692-D57C74987FCF}.Release|Any CPU.ActiveCfg = Release|Any CPU
		{43210D4A-8B4F-46DB-8692-D57C74987FCF}.Release|Any CPU.Build.0 = Release|Any CPU
		{0EBED510-ECC2-4CFC-8199-FC4D30E7FBBA}.Debug|Any CPU.ActiveCfg = Debug|Any CPU
		{0EBED510-ECC2-4CFC-8199-FC4D30E7FBBA}.Debug|Any CPU.Build.0 = Debug|Any CPU
		{0EBED510-ECC2-4CFC-8199-FC4D30E7FBBA}.Release|Any CPU.ActiveCfg = Release|Any CPU
		{0EBED510-ECC2-4CFC-8199-FC4D30E7FBBA}.Release|Any CPU.Build.0 = Release|Any CPU
		{327DDBB1-0A6A-499A-AB1B-EA2670BD2A12}.Debug|Any CPU.ActiveCfg = Debug|Any CPU
		{327DDBB1-0A6A-499A-AB1B-EA2670BD2A12}.Debug|Any CPU.Build.0 = Debug|Any CPU
		{327DDBB1-0A6A-499A-AB1B-EA2670BD2A12}.Release|Any CPU.ActiveCfg = Release|Any CPU
		{327DDBB1-0A6A-499A-AB1B-EA2670BD2A12}.Release|Any CPU.Build.0 = Release|Any CPU
		{9584F0F6-7398-4645-810D-A7936AA981EF}.Debug|Any CPU.ActiveCfg = Debug|Any CPU
		{9584F0F6-7398-4645-810D-A7936AA981EF}.Release|Any CPU.ActiveCfg = Release|Any CPU
		{192A1E92-F959-4B3B-B4B7-CAD037A42CE3}.Debug|Any CPU.ActiveCfg = Debug|Any CPU
		{192A1E92-F959-4B3B-B4B7-CAD037A42CE3}.Debug|Any CPU.Build.0 = Debug|Any CPU
		{192A1E92-F959-4B3B-B4B7-CAD037A42CE3}.Release|Any CPU.ActiveCfg = Release|Any CPU
		{192A1E92-F959-4B3B-B4B7-CAD037A42CE3}.Release|Any CPU.Build.0 = Release|Any CPU
		{85F2EF0A-74D3-4183-9334-2F39EDBFB2C6}.Debug|Any CPU.ActiveCfg = Debug|Any CPU
		{85F2EF0A-74D3-4183-9334-2F39EDBFB2C6}.Debug|Any CPU.Build.0 = Debug|Any CPU
		{85F2EF0A-74D3-4183-9334-2F39EDBFB2C6}.Release|Any CPU.ActiveCfg = Release|Any CPU
		{85F2EF0A-74D3-4183-9334-2F39EDBFB2C6}.Release|Any CPU.Build.0 = Release|Any CPU
		{A2EB103C-CD5F-410D-A3CA-783BEC63AD97}.Debug|Any CPU.ActiveCfg = Debug|Any CPU
		{A2EB103C-CD5F-410D-A3CA-783BEC63AD97}.Debug|Any CPU.Build.0 = Debug|Any CPU
		{A2EB103C-CD5F-410D-A3CA-783BEC63AD97}.Release|Any CPU.ActiveCfg = Release|Any CPU
		{A2EB103C-CD5F-410D-A3CA-783BEC63AD97}.Release|Any CPU.Build.0 = Release|Any CPU
		{DCFAF737-A249-62BF-DA10-15F570F34E3B}.Debug|Any CPU.ActiveCfg = Debug|Any CPU
		{DCFAF737-A249-62BF-DA10-15F570F34E3B}.Debug|Any CPU.Build.0 = Debug|Any CPU
		{DCFAF737-A249-62BF-DA10-15F570F34E3B}.Release|Any CPU.ActiveCfg = Release|Any CPU
		{DCFAF737-A249-62BF-DA10-15F570F34E3B}.Release|Any CPU.Build.0 = Release|Any CPU
		{A5261EB6-F8C0-4CB9-ABB8-F250ED8987E8}.Debug|Any CPU.ActiveCfg = Debug|Any CPU
		{A5261EB6-F8C0-4CB9-ABB8-F250ED8987E8}.Debug|Any CPU.Build.0 = Debug|Any CPU
		{A5261EB6-F8C0-4CB9-ABB8-F250ED8987E8}.Release|Any CPU.ActiveCfg = Release|Any CPU
		{A5261EB6-F8C0-4CB9-ABB8-F250ED8987E8}.Release|Any CPU.Build.0 = Release|Any CPU
	EndGlobalSection
	GlobalSection(SolutionProperties) = preSolution
		HideSolutionNode = FALSE
	EndGlobalSection
	GlobalSection(NestedProjects) = preSolution
		{09641D7D-5216-446D-BEA4-4D7771117FD0} = {7D6A6C8D-53AD-4603-BF06-51BB48F6F8B6}
		{9147C80D-578E-47BC-9FEA-48B7A9704EB0} = {7D6A6C8D-53AD-4603-BF06-51BB48F6F8B6}
		{2F329C4C-7009-46AE-8E9F-7CBC5BC2B650} = {7D6A6C8D-53AD-4603-BF06-51BB48F6F8B6}
		{36688521-CB52-4E69-AE17-E82C46023546} = {7D6A6C8D-53AD-4603-BF06-51BB48F6F8B6}
		{3ECFE17E-EF8F-4B48-BD70-AE83F97517C0} = {7D6A6C8D-53AD-4603-BF06-51BB48F6F8B6}
		{14C0CF05-24EB-4914-AAC5-6D9EA5B88735} = {DEADA5EA-C443-4619-A817-D956666F9484}
		{E7AD3947-CEA9-4478-BFDB-B2771461A4D5} = {7D6A6C8D-53AD-4603-BF06-51BB48F6F8B6}
		{E3AAEDA3-9A33-45F2-80B6-B78A31AB5172} = {7D6A6C8D-53AD-4603-BF06-51BB48F6F8B6}
		{4B68DB2D-1EBE-4894-8390-186DB3260D9F} = {7D6A6C8D-53AD-4603-BF06-51BB48F6F8B6}
		{C9ECDF1E-E993-4F94-9F1F-CC7E728CBB27} = {7D6A6C8D-53AD-4603-BF06-51BB48F6F8B6}
		{7A689A82-3E5D-4BD6-A938-0A95835B8058} = {DEADA5EA-C443-4619-A817-D956666F9484}
		{E5690A8A-515C-407C-8362-DF9571972064} = {8D4DC78F-600B-4C3D-8E65-8B1B713FE26E}
		{869E8507-334B-42E4-A776-FC0FC0375470} = {7D6A6C8D-53AD-4603-BF06-51BB48F6F8B6}
		{43210D4A-8B4F-46DB-8692-D57C74987FCF} = {7D6A6C8D-53AD-4603-BF06-51BB48F6F8B6}
		{0EBED510-ECC2-4CFC-8199-FC4D30E7FBBA} = {7D6A6C8D-53AD-4603-BF06-51BB48F6F8B6}
		{327DDBB1-0A6A-499A-AB1B-EA2670BD2A12} = {8D4DC78F-600B-4C3D-8E65-8B1B713FE26E}
		{9584F0F6-7398-4645-810D-A7936AA981EF} = {DEADA5EA-C443-4619-A817-D956666F9484}
		{192A1E92-F959-4B3B-B4B7-CAD037A42CE3} = {7D6A6C8D-53AD-4603-BF06-51BB48F6F8B6}
		{85F2EF0A-74D3-4183-9334-2F39EDBFB2C6} = {8D4DC78F-600B-4C3D-8E65-8B1B713FE26E}
		{A2EB103C-CD5F-410D-A3CA-783BEC63AD97} = {7D6A6C8D-53AD-4603-BF06-51BB48F6F8B6}
		{DCFAF737-A249-62BF-DA10-15F570F34E3B} = {DEADA5EA-C443-4619-A817-D956666F9484}
		{A5261EB6-F8C0-4CB9-ABB8-F250ED8987E8} = {8D4DC78F-600B-4C3D-8E65-8B1B713FE26E}
	EndGlobalSection
	GlobalSection(ExtensibilityGlobals) = postSolution
		SolutionGuid = {CE857866-09F3-488B-9C05-5A72997A0153}
	EndGlobalSection
EndGlobal
