
Microsoft Visual Studio Solution File, Format Version 12.00
# Visual Studio Version 17
VisualStudioVersion = 17.7.34202.233
MinimumVisualStudioVersion = 10.0.40219.1
Project("{2150E333-8FDC-42A3-9474-1A3956D46DE8}") = "Libraries", "Libraries", "{7D6A6C8D-53AD-4603-BF06-51BB48F6F8B6}"
EndProject
Project("{9A19103F-16F7-4668-BE54-9A1E7A4F7556}") = "Dot.Modules", "Dot.Modules\Dot.Modules.csproj", "{09641D7D-5216-446D-BEA4-4D7771117FD0}"
EndProject
Project("{9A19103F-16F7-4668-BE54-9A1E7A4F7556}") = "AI.Gateway", "AI.Gateway\AI.Gateway.csproj", "{9147C80D-578E-47BC-9FEA-48B7A9704EB0}"
EndProject
Project("{9A19103F-16F7-4668-BE54-9A1E7A4F7556}") = "HttpUtilities", "HttpUtilities\HttpUtilities.csproj", "{2F329C4C-7009-46AE-8E9F-7CBC5BC2B650}"
EndProject
Project("{2150E333-8FDC-42A3-9474-1A3956D46DE8}") = "DomesticOptimizationTool", "DomesticOptimizationTool", "{DEADA5EA-C443-4619-A817-D956666F9484}"
EndProject
Project("{9A19103F-16F7-4668-BE54-9A1E7A4F7556}") = "Dot.Api", "Dot.Api\Dot.Api.csproj", "{CEF887F9-E59C-48EC-AA78-3DF98701264C}"
EndProject
Project("{9A19103F-16F7-4668-BE54-9A1E7A4F7556}") = "Dot.Utilities", "Dot.Utilities\Dot.Utilities.csproj", "{36688521-CB52-4E69-AE17-E82C46023546}"
EndProject
Project("{9A19103F-16F7-4668-BE54-9A1E7A4F7556}") = "Dot.Models", "Dot.Models\Dot.Models.csproj", "{3ECFE17E-EF8F-4B48-BD70-AE83F97517C0}"
EndProject
Project("{9A19103F-16F7-4668-BE54-9A1E7A4F7556}") = "Dot.Client", "Dot.Client\Dot.Client.csproj", "{14C0CF05-24EB-4914-AAC5-6D9EA5B88735}"
EndProject
Project("{2150E333-8FDC-42A3-9474-1A3956D46DE8}") = "ModelFiles", "ModelFiles", "{7AF5C508-1B12-4B13-BA84-6BC4724AD2F9}"
	ProjectSection(SolutionItems) = preProject
		Modelfiles\phi4_dot = Modelfiles\phi4_dot
	EndProjectSection
EndProject
Project("{2150E333-8FDC-42A3-9474-1A3956D46DE8}") = "Tests", "Tests", "{8D4DC78F-600B-4C3D-8E65-8B1B713FE26E}"
EndProject
Project("{FAE04EC0-301F-11D3-BF4B-00C04F79EFBC}") = "Dot.Client.Tests", "Dot.Client.Tests\Dot.Client.Tests.csproj", "{F8EEF38C-D16D-4C35-876A-899B3D9A0146}"
EndProject
Project("{FAE04EC0-301F-11D3-BF4B-00C04F79EFBC}") = "Dot.DataAccess", "Dot.DataAccess\Dot.DataAccess.csproj", "{E7AD3947-CEA9-4478-BFDB-B2771461A4D5}"
EndProject
Global
	GlobalSection(SolutionConfigurationPlatforms) = preSolution
		Debug|Any CPU = Debug|Any CPU
		Release|Any CPU = Release|Any CPU
	EndGlobalSection
	GlobalSection(ProjectConfigurationPlatforms) = postSolution
		{09641D7D-5216-446D-BEA4-4D7771117FD0}.Debug|Any CPU.ActiveCfg = Debug|Any CPU
		{09641D7D-5216-446D-BEA4-4D7771117FD0}.Debug|Any CPU.Build.0 = Debug|Any CPU
		{09641D7D-5216-446D-BEA4-4D7771117FD0}.Release|Any CPU.ActiveCfg = Release|Any CPU
		{09641D7D-5216-446D-BEA4-4D7771117FD0}.Release|Any CPU.Build.0 = Release|Any CPU
		{9147C80D-578E-47BC-9FEA-48B7A9704EB0}.Debug|Any CPU.ActiveCfg = Debug|Any CPU
		{9147C80D-578E-47BC-9FEA-48B7A9704EB0}.Debug|Any CPU.Build.0 = Debug|Any CPU
		{9147C80D-578E-47BC-9FEA-48B7A9704EB0}.Release|Any CPU.ActiveCfg = Release|Any CPU
		{9147C80D-578E-47BC-9FEA-48B7A9704EB0}.Release|Any CPU.Build.0 = Release|Any CPU
		{2F329C4C-7009-46AE-8E9F-7CBC5BC2B650}.Debug|Any CPU.ActiveCfg = Debug|Any CPU
		{2F329C4C-7009-46AE-8E9F-7CBC5BC2B650}.Debug|Any CPU.Build.0 = Debug|Any CPU
		{2F329C4C-7009-46AE-8E9F-7CBC5BC2B650}.Release|Any CPU.ActiveCfg = Release|Any CPU
		{2F329C4C-7009-46AE-8E9F-7CBC5BC2B650}.Release|Any CPU.Build.0 = Release|Any CPU
		{CEF887F9-E59C-48EC-AA78-3DF98701264C}.Debug|Any CPU.ActiveCfg = Debug|Any CPU
		{CEF887F9-E59C-48EC-AA78-3DF98701264C}.Debug|Any CPU.Build.0 = Debug|Any CPU
		{CEF887F9-E59C-48EC-AA78-3DF98701264C}.Release|Any CPU.ActiveCfg = Release|Any CPU
		{CEF887F9-E59C-48EC-AA78-3DF98701264C}.Release|Any CPU.Build.0 = Release|Any CPU
		{36688521-CB52-4E69-AE17-E82C46023546}.Debug|Any CPU.ActiveCfg = Debug|Any CPU
		{36688521-CB52-4E69-AE17-E82C46023546}.Debug|Any CPU.Build.0 = Debug|Any CPU
		{36688521-CB52-4E69-AE17-E82C46023546}.Release|Any CPU.ActiveCfg = Release|Any CPU
		{36688521-CB52-4E69-AE17-E82C46023546}.Release|Any CPU.Build.0 = Release|Any CPU
		{3ECFE17E-EF8F-4B48-BD70-AE83F97517C0}.Debug|Any CPU.ActiveCfg = Debug|Any CPU
		{3ECFE17E-EF8F-4B48-BD70-AE83F97517C0}.Debug|Any CPU.Build.0 = Debug|Any CPU
		{3ECFE17E-EF8F-4B48-BD70-AE83F97517C0}.Release|Any CPU.ActiveCfg = Release|Any CPU
		{3ECFE17E-EF8F-4B48-BD70-AE83F97517C0}.Release|Any CPU.Build.0 = Release|Any CPU
		{14C0CF05-24EB-4914-AAC5-6D9EA5B88735}.Debug|Any CPU.ActiveCfg = Debug|Any CPU
		{14C0CF05-24EB-4914-AAC5-6D9EA5B88735}.Debug|Any CPU.Build.0 = Debug|Any CPU
		{14C0CF05-24EB-4914-AAC5-6D9EA5B88735}.Release|Any CPU.ActiveCfg = Release|Any CPU
		{14C0CF05-24EB-4914-AAC5-6D9EA5B88735}.Release|Any CPU.Build.0 = Release|Any CPU
		{F8EEF38C-D16D-4C35-876A-899B3D9A0146}.Debug|Any CPU.ActiveCfg = Debug|Any CPU
		{F8EEF38C-D16D-4C35-876A-899B3D9A0146}.Debug|Any CPU.Build.0 = Debug|Any CPU
		{F8EEF38C-D16D-4C35-876A-899B3D9A0146}.Release|Any CPU.ActiveCfg = Release|Any CPU
		{F8EEF38C-D16D-4C35-876A-899B3D9A0146}.Release|Any CPU.Build.0 = Release|Any CPU
		{E7AD3947-CEA9-4478-BFDB-B2771461A4D5}.Debug|Any CPU.ActiveCfg = Debug|Any CPU
		{E7AD3947-CEA9-4478-BFDB-B2771461A4D5}.Debug|Any CPU.Build.0 = Debug|Any CPU
		{E7AD3947-CEA9-4478-BFDB-B2771461A4D5}.Release|Any CPU.ActiveCfg = Release|Any CPU
		{E7AD3947-CEA9-4478-BFDB-B2771461A4D5}.Release|Any CPU.Build.0 = Release|Any CPU
	EndGlobalSection
	GlobalSection(SolutionProperties) = preSolution
		HideSolutionNode = FALSE
	EndGlobalSection
	GlobalSection(NestedProjects) = preSolution
		{09641D7D-5216-446D-BEA4-4D7771117FD0} = {7D6A6C8D-53AD-4603-BF06-51BB48F6F8B6}
		{9147C80D-578E-47BC-9FEA-48B7A9704EB0} = {7D6A6C8D-53AD-4603-BF06-51BB48F6F8B6}
		{2F329C4C-7009-46AE-8E9F-7CBC5BC2B650} = {7D6A6C8D-53AD-4603-BF06-51BB48F6F8B6}
		{CEF887F9-E59C-48EC-AA78-3DF98701264C} = {DEADA5EA-C443-4619-A817-D956666F9484}
		{36688521-CB52-4E69-AE17-E82C46023546} = {7D6A6C8D-53AD-4603-BF06-51BB48F6F8B6}
		{3ECFE17E-EF8F-4B48-BD70-AE83F97517C0} = {7D6A6C8D-53AD-4603-BF06-51BB48F6F8B6}
		{14C0CF05-24EB-4914-AAC5-6D9EA5B88735} = {DEADA5EA-C443-4619-A817-D956666F9484}
		{F8EEF38C-D16D-4C35-876A-899B3D9A0146} = {8D4DC78F-600B-4C3D-8E65-8B1B713FE26E}
		{E7AD3947-CEA9-4478-BFDB-B2771461A4D5} = {7D6A6C8D-53AD-4603-BF06-51BB48F6F8B6}
	EndGlobalSection
	GlobalSection(ExtensibilityGlobals) = postSolution
		SolutionGuid = {CE857866-09F3-488B-9C05-5A72997A0153}
	EndGlobalSection
EndGlobal
